// !$*UTF8*$!
{
	archiveVersion = 1;
	classes = {
	};
	objectVersion = 46;
	objects = {

/* Begin PBXBuildFile section */
		B9078A1A1CB8731700537E1D /* MapViewController.swift in Sources */ = {isa = PBXBuildFile; fileRef = B9078A191CB8731700537E1D /* MapViewController.swift */; };
		B9078A1D1CB8753500537E1D /* InformationViewController.swift in Sources */ = {isa = PBXBuildFile; fileRef = B9078A1C1CB8753500537E1D /* InformationViewController.swift */; };
		B90DE22C1CDFBE1200DD35D7 /* MyPlacesNewViewController.swift in Sources */ = {isa = PBXBuildFile; fileRef = B90DE22B1CDFBE1200DD35D7 /* MyPlacesNewViewController.swift */; };
		B9124BFE1CBC484300647B56 /* terms.html in Resources */ = {isa = PBXBuildFile; fileRef = B9124BFD1CBC484300647B56 /* terms.html */; };
		B9124C041CBC48A500647B56 /* TermsViewController.swift in Sources */ = {isa = PBXBuildFile; fileRef = B9124C031CBC48A500647B56 /* TermsViewController.swift */; };
		B9603AE41CB835240060CEB9 /* SWRevealViewController.m in Sources */ = {isa = PBXBuildFile; fileRef = B9603AE31CB835240060CEB9 /* SWRevealViewController.m */; };
		B9695D621CB8708800C8DCB4 /* MyPlacesViewController.swift in Sources */ = {isa = PBXBuildFile; fileRef = B9695D611CB8708800C8DCB4 /* MyPlacesViewController.swift */; };
		B9793B671CE8F60600207D05 /* MyPlacesDetailViewController.swift in Sources */ = {isa = PBXBuildFile; fileRef = B9793B661CE8F60600207D05 /* MyPlacesDetailViewController.swift */; };
		B97C514D1CB2F08600D18BBA /* ProfileViewController.swift in Sources */ = {isa = PBXBuildFile; fileRef = B97C514C1CB2F08600D18BBA /* ProfileViewController.swift */; };
		B9CD05A51CAEF2BC00C89CAD /* CreateAccountViewController.swift in Sources */ = {isa = PBXBuildFile; fileRef = B9CD05A41CAEF2BC00C89CAD /* CreateAccountViewController.swift */; };
		B9D2B0631CEA085400B336F6 /* MyPlacesPhotosViewController.swift in Sources */ = {isa = PBXBuildFile; fileRef = B9D2B0621CEA085400B336F6 /* MyPlacesPhotosViewController.swift */; };
		B9D75E981CADB13100D7AEB3 /* AppDelegate.swift in Sources */ = {isa = PBXBuildFile; fileRef = B9D75E971CADB13100D7AEB3 /* AppDelegate.swift */; };
		B9D75E9D1CADB13100D7AEB3 /* Main.storyboard in Resources */ = {isa = PBXBuildFile; fileRef = B9D75E9B1CADB13100D7AEB3 /* Main.storyboard */; };
		B9D75E9F1CADB13100D7AEB3 /* Assets.xcassets in Resources */ = {isa = PBXBuildFile; fileRef = B9D75E9E1CADB13100D7AEB3 /* Assets.xcassets */; };
		B9D75EA21CADB13100D7AEB3 /* LaunchScreen.storyboard in Resources */ = {isa = PBXBuildFile; fileRef = B9D75EA01CADB13100D7AEB3 /* LaunchScreen.storyboard */; };
		B9D75EAA1CADB4C100D7AEB3 /* LoginViewController.swift in Sources */ = {isa = PBXBuildFile; fileRef = B9D75EA91CADB4C100D7AEB3 /* LoginViewController.swift */; };
		B9D75EAC1CADB98100D7AEB3 /* SystemConfiguration.framework in Frameworks */ = {isa = PBXBuildFile; fileRef = B9D75EAB1CADB98100D7AEB3 /* SystemConfiguration.framework */; };
		B9D75EAE1CADB98B00D7AEB3 /* libsqlite3.tbd in Frameworks */ = {isa = PBXBuildFile; fileRef = B9D75EAD1CADB98B00D7AEB3 /* libsqlite3.tbd */; };
		B9D75EB01CADB99100D7AEB3 /* libz.tbd in Frameworks */ = {isa = PBXBuildFile; fileRef = B9D75EAF1CADB99100D7AEB3 /* libz.tbd */; };
		B9D760541CADBA8500D7AEB3 /* backendless.a in Frameworks */ = {isa = PBXBuildFile; fileRef = B9D75F8A1CADBA8400D7AEB3 /* backendless.a */; };
		B9D760551CADBA8500D7AEB3 /* CommLibiOS.a in Frameworks */ = {isa = PBXBuildFile; fileRef = B9D75FCE1CADBA8400D7AEB3 /* CommLibiOS.a */; };
		B9D7605C1CADBA8500D7AEB3 /* MediaLibiOS.a in Frameworks */ = {isa = PBXBuildFile; fileRef = B9D760421CADBA8500D7AEB3 /* MediaLibiOS.a */; };
		B9D7605D1CADBA8500D7AEB3 /* libspeex.a in Frameworks */ = {isa = PBXBuildFile; fileRef = B9D7604D1CADBA8500D7AEB3 /* libspeex.a */; };
		B9D7605E1CADBA8500D7AEB3 /* libx264.a in Frameworks */ = {isa = PBXBuildFile; fileRef = B9D760531CADBA8500D7AEB3 /* libx264.a */; };
		B9F4DF741CF1DF6100B017E2 /* MyPlacesEditViewController.swift in Sources */ = {isa = PBXBuildFile; fileRef = B9F4DF731CF1DF6100B017E2 /* MyPlacesEditViewController.swift */; };
/* End PBXBuildFile section */

/* Begin PBXContainerItemProxy section */
		B97C514A1CB2D1BA00D18BBA /* PBXContainerItemProxy */ = {
			isa = PBXContainerItemProxy;
			containerPortal = B9CAE7A81CB1248A00D215E6 /* PecUtils.xcodeproj */;
			proxyType = 2;
			remoteGlobalIDString = B9CAE79D1CB1248A00D215E6;
			remoteInfo = PecUtils;
		};
/* End PBXContainerItemProxy section */

/* Begin PBXFileReference section */
		B9078A191CB8731700537E1D /* MapViewController.swift */ = {isa = PBXFileReference; fileEncoding = 4; lastKnownFileType = sourcecode.swift; path = MapViewController.swift; sourceTree = "<group>"; };
		B9078A1C1CB8753500537E1D /* InformationViewController.swift */ = {isa = PBXFileReference; fileEncoding = 4; lastKnownFileType = sourcecode.swift; path = InformationViewController.swift; sourceTree = "<group>"; };
		B90DE22B1CDFBE1200DD35D7 /* MyPlacesNewViewController.swift */ = {isa = PBXFileReference; fileEncoding = 4; lastKnownFileType = sourcecode.swift; path = MyPlacesNewViewController.swift; sourceTree = "<group>"; };
		B9124BFD1CBC484300647B56 /* terms.html */ = {isa = PBXFileReference; fileEncoding = 4; lastKnownFileType = text.html; path = terms.html; sourceTree = "<group>"; };
		B9124C031CBC48A500647B56 /* TermsViewController.swift */ = {isa = PBXFileReference; fileEncoding = 4; lastKnownFileType = sourcecode.swift; path = TermsViewController.swift; sourceTree = "<group>"; };
		B9603AE21CB835240060CEB9 /* SWRevealViewController.h */ = {isa = PBXFileReference; fileEncoding = 4; lastKnownFileType = sourcecode.c.h; path = SWRevealViewController.h; sourceTree = "<group>"; };
		B9603AE31CB835240060CEB9 /* SWRevealViewController.m */ = {isa = PBXFileReference; fileEncoding = 4; lastKnownFileType = sourcecode.c.objc; path = SWRevealViewController.m; sourceTree = "<group>"; };
		B9695D601CB83C7800C8DCB4 /* Bridging-Header.h */ = {isa = PBXFileReference; lastKnownFileType = sourcecode.c.h; path = "Bridging-Header.h"; sourceTree = "<group>"; };
		B9695D611CB8708800C8DCB4 /* MyPlacesViewController.swift */ = {isa = PBXFileReference; fileEncoding = 4; lastKnownFileType = sourcecode.swift; path = MyPlacesViewController.swift; sourceTree = "<group>"; };
		B9793B661CE8F60600207D05 /* MyPlacesDetailViewController.swift */ = {isa = PBXFileReference; fileEncoding = 4; lastKnownFileType = sourcecode.swift; path = MyPlacesDetailViewController.swift; sourceTree = "<group>"; };
		B97C514C1CB2F08600D18BBA /* ProfileViewController.swift */ = {isa = PBXFileReference; fileEncoding = 4; lastKnownFileType = sourcecode.swift; path = ProfileViewController.swift; sourceTree = "<group>"; };
		B9CAE7A81CB1248A00D215E6 /* PecUtils.xcodeproj */ = {isa = PBXFileReference; lastKnownFileType = "wrapper.pb-project"; name = PecUtils.xcodeproj; path = lib/PecUtils/PecUtils.xcodeproj; sourceTree = "<group>"; };
		B9CD05A41CAEF2BC00C89CAD /* CreateAccountViewController.swift */ = {isa = PBXFileReference; fileEncoding = 4; lastKnownFileType = sourcecode.swift; path = CreateAccountViewController.swift; sourceTree = "<group>"; };
		B9D2B0621CEA085400B336F6 /* MyPlacesPhotosViewController.swift */ = {isa = PBXFileReference; fileEncoding = 4; lastKnownFileType = sourcecode.swift; path = MyPlacesPhotosViewController.swift; sourceTree = "<group>"; };
		B9D75E941CADB13100D7AEB3 /* pec-uno.app */ = {isa = PBXFileReference; explicitFileType = wrapper.application; includeInIndex = 0; path = "pec-uno.app"; sourceTree = BUILT_PRODUCTS_DIR; };
		B9D75E971CADB13100D7AEB3 /* AppDelegate.swift */ = {isa = PBXFileReference; lastKnownFileType = sourcecode.swift; path = AppDelegate.swift; sourceTree = "<group>"; };
		B9D75E9C1CADB13100D7AEB3 /* Base */ = {isa = PBXFileReference; lastKnownFileType = file.storyboard; name = Base; path = Base.lproj/Main.storyboard; sourceTree = "<group>"; };
		B9D75E9E1CADB13100D7AEB3 /* Assets.xcassets */ = {isa = PBXFileReference; lastKnownFileType = folder.assetcatalog; path = Assets.xcassets; sourceTree = "<group>"; };
		B9D75EA11CADB13100D7AEB3 /* Base */ = {isa = PBXFileReference; lastKnownFileType = file.storyboard; name = Base; path = Base.lproj/LaunchScreen.storyboard; sourceTree = "<group>"; };
		B9D75EA31CADB13100D7AEB3 /* Info.plist */ = {isa = PBXFileReference; lastKnownFileType = text.plist.xml; path = Info.plist; sourceTree = "<group>"; };
		B9D75EA91CADB4C100D7AEB3 /* LoginViewController.swift */ = {isa = PBXFileReference; fileEncoding = 4; lastKnownFileType = sourcecode.swift; name = LoginViewController.swift; path = "pec-uno/LoginViewController.swift"; sourceTree = SOURCE_ROOT; };
		B9D75EAB1CADB98100D7AEB3 /* SystemConfiguration.framework */ = {isa = PBXFileReference; lastKnownFileType = wrapper.framework; name = SystemConfiguration.framework; path = System/Library/Frameworks/SystemConfiguration.framework; sourceTree = SDKROOT; };
		B9D75EAD1CADB98B00D7AEB3 /* libsqlite3.tbd */ = {isa = PBXFileReference; lastKnownFileType = "sourcecode.text-based-dylib-definition"; name = libsqlite3.tbd; path = usr/lib/libsqlite3.tbd; sourceTree = SDKROOT; };
		B9D75EAF1CADB99100D7AEB3 /* libz.tbd */ = {isa = PBXFileReference; lastKnownFileType = "sourcecode.text-based-dylib-definition"; name = libz.tbd; path = usr/lib/libz.tbd; sourceTree = SDKROOT; };
		B9D75F8A1CADBA8400D7AEB3 /* backendless.a */ = {isa = PBXFileReference; lastKnownFileType = archive.ar; path = backendless.a; sourceTree = "<group>"; };
		B9D75F8C1CADBA8400D7AEB3 /* AbstractProperty.h */ = {isa = PBXFileReference; fileEncoding = 4; lastKnownFileType = sourcecode.c.h; path = AbstractProperty.h; sourceTree = "<group>"; };
		B9D75F8D1CADBA8400D7AEB3 /* AbstractQuery.h */ = {isa = PBXFileReference; fileEncoding = 4; lastKnownFileType = sourcecode.c.h; path = AbstractQuery.h; sourceTree = "<group>"; };
		B9D75F8E1CADBA8400D7AEB3 /* AtomicCounters.h */ = {isa = PBXFileReference; fileEncoding = 4; lastKnownFileType = sourcecode.c.h; path = AtomicCounters.h; sourceTree = "<group>"; };
		B9D75F8F1CADBA8400D7AEB3 /* AtomicCountersFactory.h */ = {isa = PBXFileReference; fileEncoding = 4; lastKnownFileType = sourcecode.c.h; path = AtomicCountersFactory.h; sourceTree = "<group>"; };
		B9D75F901CADBA8400D7AEB3 /* Backendless-Bridging-Header.h */ = {isa = PBXFileReference; fileEncoding = 4; lastKnownFileType = sourcecode.c.h; path = "Backendless-Bridging-Header.h"; sourceTree = "<group>"; };
		B9D75F911CADBA8400D7AEB3 /* Backendless-With-Media-Bridging-Header.h */ = {isa = PBXFileReference; fileEncoding = 4; lastKnownFileType = sourcecode.c.h; path = "Backendless-With-Media-Bridging-Header.h"; sourceTree = "<group>"; };
		B9D75F921CADBA8400D7AEB3 /* Backendless.h */ = {isa = PBXFileReference; fileEncoding = 4; lastKnownFileType = sourcecode.c.h; path = Backendless.h; sourceTree = "<group>"; };
		B9D75F931CADBA8400D7AEB3 /* BackendlessBeacon.h */ = {isa = PBXFileReference; fileEncoding = 4; lastKnownFileType = sourcecode.c.h; path = BackendlessBeacon.h; sourceTree = "<group>"; };
		B9D75F941CADBA8400D7AEB3 /* BackendlessCachePolicy.h */ = {isa = PBXFileReference; fileEncoding = 4; lastKnownFileType = sourcecode.c.h; path = BackendlessCachePolicy.h; sourceTree = "<group>"; };
		B9D75F951CADBA8400D7AEB3 /* BackendlessCacheProtocol.h */ = {isa = PBXFileReference; fileEncoding = 4; lastKnownFileType = sourcecode.c.h; path = BackendlessCacheProtocol.h; sourceTree = "<group>"; };
		B9D75F961CADBA8400D7AEB3 /* BackendlessCollection.h */ = {isa = PBXFileReference; fileEncoding = 4; lastKnownFileType = sourcecode.c.h; path = BackendlessCollection.h; sourceTree = "<group>"; };
		B9D75F971CADBA8400D7AEB3 /* BackendlessDataQuery.h */ = {isa = PBXFileReference; fileEncoding = 4; lastKnownFileType = sourcecode.c.h; path = BackendlessDataQuery.h; sourceTree = "<group>"; };
		B9D75F981CADBA8400D7AEB3 /* BackendlessEntity.h */ = {isa = PBXFileReference; fileEncoding = 4; lastKnownFileType = sourcecode.c.h; path = BackendlessEntity.h; sourceTree = "<group>"; };
		B9D75F991CADBA8400D7AEB3 /* BackendlessFile.h */ = {isa = PBXFileReference; fileEncoding = 4; lastKnownFileType = sourcecode.c.h; path = BackendlessFile.h; sourceTree = "<group>"; };
		B9D75F9A1CADBA8400D7AEB3 /* BackendlessGeoQuery.h */ = {isa = PBXFileReference; fileEncoding = 4; lastKnownFileType = sourcecode.c.h; path = BackendlessGeoQuery.h; sourceTree = "<group>"; };
		B9D75F9B1CADBA8400D7AEB3 /* BackendlessSimpleQuery.h */ = {isa = PBXFileReference; fileEncoding = 4; lastKnownFileType = sourcecode.c.h; path = BackendlessSimpleQuery.h; sourceTree = "<group>"; };
		B9D75F9C1CADBA8400D7AEB3 /* BackendlessUser.h */ = {isa = PBXFileReference; fileEncoding = 4; lastKnownFileType = sourcecode.c.h; path = BackendlessUser.h; sourceTree = "<group>"; };
		B9D75F9D1CADBA8400D7AEB3 /* BEAnnotation.h */ = {isa = PBXFileReference; fileEncoding = 4; lastKnownFileType = sourcecode.c.h; path = BEAnnotation.h; sourceTree = "<group>"; };
		B9D75F9E1CADBA8400D7AEB3 /* BECollectionView.h */ = {isa = PBXFileReference; fileEncoding = 4; lastKnownFileType = sourcecode.c.h; path = BECollectionView.h; sourceTree = "<group>"; };
		B9D75F9F1CADBA8400D7AEB3 /* BEFileInfo.h */ = {isa = PBXFileReference; fileEncoding = 4; lastKnownFileType = sourcecode.c.h; path = BEFileInfo.h; sourceTree = "<group>"; };
		B9D75FA01CADBA8400D7AEB3 /* BEMapView.h */ = {isa = PBXFileReference; fileEncoding = 4; lastKnownFileType = sourcecode.c.h; path = BEMapView.h; sourceTree = "<group>"; };
		B9D75FA11CADBA8400D7AEB3 /* BESubscription.h */ = {isa = PBXFileReference; fileEncoding = 4; lastKnownFileType = sourcecode.c.h; path = BESubscription.h; sourceTree = "<group>"; };
		B9D75FA21CADBA8400D7AEB3 /* BETableView.h */ = {isa = PBXFileReference; fileEncoding = 4; lastKnownFileType = sourcecode.c.h; path = BETableView.h; sourceTree = "<group>"; };
		B9D75FA31CADBA8400D7AEB3 /* CacheFactory.h */ = {isa = PBXFileReference; fileEncoding = 4; lastKnownFileType = sourcecode.c.h; path = CacheFactory.h; sourceTree = "<group>"; };
		B9D75FA41CADBA8400D7AEB3 /* CacheService.h */ = {isa = PBXFileReference; fileEncoding = 4; lastKnownFileType = sourcecode.c.h; path = CacheService.h; sourceTree = "<group>"; };
		B9D75FA51CADBA8400D7AEB3 /* CustomService.h */ = {isa = PBXFileReference; fileEncoding = 4; lastKnownFileType = sourcecode.c.h; path = CustomService.h; sourceTree = "<group>"; };
		B9D75FA61CADBA8400D7AEB3 /* DataPermission.h */ = {isa = PBXFileReference; fileEncoding = 4; lastKnownFileType = sourcecode.c.h; path = DataPermission.h; sourceTree = "<group>"; };
		B9D75FA71CADBA8400D7AEB3 /* DataStoreFactory.h */ = {isa = PBXFileReference; fileEncoding = 4; lastKnownFileType = sourcecode.c.h; path = DataStoreFactory.h; sourceTree = "<group>"; };
		B9D75FA81CADBA8400D7AEB3 /* DeliveryOptions.h */ = {isa = PBXFileReference; fileEncoding = 4; lastKnownFileType = sourcecode.c.h; path = DeliveryOptions.h; sourceTree = "<group>"; };
		B9D75FA91CADBA8400D7AEB3 /* DeviceRegistration.h */ = {isa = PBXFileReference; fileEncoding = 4; lastKnownFileType = sourcecode.c.h; path = DeviceRegistration.h; sourceTree = "<group>"; };
		B9D75FAA1CADBA8400D7AEB3 /* Events.h */ = {isa = PBXFileReference; fileEncoding = 4; lastKnownFileType = sourcecode.c.h; path = Events.h; sourceTree = "<group>"; };
		B9D75FAB1CADBA8400D7AEB3 /* FilePermission.h */ = {isa = PBXFileReference; fileEncoding = 4; lastKnownFileType = sourcecode.c.h; path = FilePermission.h; sourceTree = "<group>"; };
		B9D75FAC1CADBA8400D7AEB3 /* FileService.h */ = {isa = PBXFileReference; fileEncoding = 4; lastKnownFileType = sourcecode.c.h; path = FileService.h; sourceTree = "<group>"; };
		B9D75FAD1CADBA8400D7AEB3 /* GeoCategory.h */ = {isa = PBXFileReference; fileEncoding = 4; lastKnownFileType = sourcecode.c.h; path = GeoCategory.h; sourceTree = "<group>"; };
		B9D75FAE1CADBA8400D7AEB3 /* GeoCluster.h */ = {isa = PBXFileReference; fileEncoding = 4; lastKnownFileType = sourcecode.c.h; path = GeoCluster.h; sourceTree = "<group>"; };
		B9D75FAF1CADBA8400D7AEB3 /* GeoFence.h */ = {isa = PBXFileReference; fileEncoding = 4; lastKnownFileType = sourcecode.c.h; path = GeoFence.h; sourceTree = "<group>"; };
		B9D75FB01CADBA8400D7AEB3 /* GeoPoint.h */ = {isa = PBXFileReference; fileEncoding = 4; lastKnownFileType = sourcecode.c.h; path = GeoPoint.h; sourceTree = "<group>"; };
		B9D75FB11CADBA8400D7AEB3 /* GeoService.h */ = {isa = PBXFileReference; fileEncoding = 4; lastKnownFileType = sourcecode.c.h; path = GeoService.h; sourceTree = "<group>"; };
		B9D75FB21CADBA8400D7AEB3 /* HashMap.h */ = {isa = PBXFileReference; fileEncoding = 4; lastKnownFileType = sourcecode.c.h; path = HashMap.h; sourceTree = "<group>"; };
		B9D75FB31CADBA8400D7AEB3 /* IAtomicCounters.h */ = {isa = PBXFileReference; fileEncoding = 4; lastKnownFileType = sourcecode.c.h; path = IAtomicCounters.h; sourceTree = "<group>"; };
		B9D75FB41CADBA8400D7AEB3 /* ICacheService.h */ = {isa = PBXFileReference; fileEncoding = 4; lastKnownFileType = sourcecode.c.h; path = ICacheService.h; sourceTree = "<group>"; };
		B9D75FB51CADBA8400D7AEB3 /* ICallback.h */ = {isa = PBXFileReference; fileEncoding = 4; lastKnownFileType = sourcecode.c.h; path = ICallback.h; sourceTree = "<group>"; };
		B9D75FB61CADBA8400D7AEB3 /* IDataStore.h */ = {isa = PBXFileReference; fileEncoding = 4; lastKnownFileType = sourcecode.c.h; path = IDataStore.h; sourceTree = "<group>"; };
		B9D75FB71CADBA8400D7AEB3 /* IMediaStreamer.h */ = {isa = PBXFileReference; fileEncoding = 4; lastKnownFileType = sourcecode.c.h; path = IMediaStreamer.h; sourceTree = "<group>"; };
		B9D75FB81CADBA8400D7AEB3 /* IPresenceListener.h */ = {isa = PBXFileReference; fileEncoding = 4; lastKnownFileType = sourcecode.c.h; path = IPresenceListener.h; sourceTree = "<group>"; };
		B9D75FB91CADBA8400D7AEB3 /* LocationTracker.h */ = {isa = PBXFileReference; fileEncoding = 4; lastKnownFileType = sourcecode.c.h; path = LocationTracker.h; sourceTree = "<group>"; };
		B9D75FBA1CADBA8400D7AEB3 /* Logger.h */ = {isa = PBXFileReference; fileEncoding = 4; lastKnownFileType = sourcecode.c.h; path = Logger.h; sourceTree = "<group>"; };
		B9D75FBB1CADBA8400D7AEB3 /* Logging.h */ = {isa = PBXFileReference; fileEncoding = 4; lastKnownFileType = sourcecode.c.h; path = Logging.h; sourceTree = "<group>"; };
		B9D75FBC1CADBA8400D7AEB3 /* MediaPlaybackOptions.h */ = {isa = PBXFileReference; fileEncoding = 4; lastKnownFileType = sourcecode.c.h; path = MediaPlaybackOptions.h; sourceTree = "<group>"; };
		B9D75FBD1CADBA8400D7AEB3 /* MediaPlayer.h */ = {isa = PBXFileReference; fileEncoding = 4; lastKnownFileType = sourcecode.c.h; path = MediaPlayer.h; sourceTree = "<group>"; };
		B9D75FBE1CADBA8400D7AEB3 /* MediaPublisher.h */ = {isa = PBXFileReference; fileEncoding = 4; lastKnownFileType = sourcecode.c.h; path = MediaPublisher.h; sourceTree = "<group>"; };
		B9D75FBF1CADBA8400D7AEB3 /* MediaPublishOptions.h */ = {isa = PBXFileReference; fileEncoding = 4; lastKnownFileType = sourcecode.c.h; path = MediaPublishOptions.h; sourceTree = "<group>"; };
		B9D75FC01CADBA8400D7AEB3 /* MediaService.h */ = {isa = PBXFileReference; fileEncoding = 4; lastKnownFileType = sourcecode.c.h; path = MediaService.h; sourceTree = "<group>"; };
		B9D75FC11CADBA8400D7AEB3 /* Message.h */ = {isa = PBXFileReference; fileEncoding = 4; lastKnownFileType = sourcecode.c.h; path = Message.h; sourceTree = "<group>"; };
		B9D75FC21CADBA8400D7AEB3 /* MessageStatus.h */ = {isa = PBXFileReference; fileEncoding = 4; lastKnownFileType = sourcecode.c.h; path = MessageStatus.h; sourceTree = "<group>"; };
		B9D75FC31CADBA8400D7AEB3 /* MessagingService.h */ = {isa = PBXFileReference; fileEncoding = 4; lastKnownFileType = sourcecode.c.h; path = MessagingService.h; sourceTree = "<group>"; };
		B9D75FC41CADBA8400D7AEB3 /* ObjectProperty.h */ = {isa = PBXFileReference; fileEncoding = 4; lastKnownFileType = sourcecode.c.h; path = ObjectProperty.h; sourceTree = "<group>"; };
		B9D75FC51CADBA8400D7AEB3 /* PersistenceService.h */ = {isa = PBXFileReference; fileEncoding = 4; lastKnownFileType = sourcecode.c.h; path = PersistenceService.h; sourceTree = "<group>"; };
		B9D75FC61CADBA8400D7AEB3 /* Presence.h */ = {isa = PBXFileReference; fileEncoding = 4; lastKnownFileType = sourcecode.c.h; path = Presence.h; sourceTree = "<group>"; };
		B9D75FC71CADBA8400D7AEB3 /* ProtectedBackendlessGeoQuery.h */ = {isa = PBXFileReference; fileEncoding = 4; lastKnownFileType = sourcecode.c.h; path = ProtectedBackendlessGeoQuery.h; sourceTree = "<group>"; };
		B9D75FC81CADBA8400D7AEB3 /* PublishOptions.h */ = {isa = PBXFileReference; fileEncoding = 4; lastKnownFileType = sourcecode.c.h; path = PublishOptions.h; sourceTree = "<group>"; };
		B9D75FC91CADBA8400D7AEB3 /* QueryOptions.h */ = {isa = PBXFileReference; fileEncoding = 4; lastKnownFileType = sourcecode.c.h; path = QueryOptions.h; sourceTree = "<group>"; };
		B9D75FCA1CADBA8400D7AEB3 /* SubscriptionOptions.h */ = {isa = PBXFileReference; fileEncoding = 4; lastKnownFileType = sourcecode.c.h; path = SubscriptionOptions.h; sourceTree = "<group>"; };
		B9D75FCB1CADBA8400D7AEB3 /* UserProperty.h */ = {isa = PBXFileReference; fileEncoding = 4; lastKnownFileType = sourcecode.c.h; path = UserProperty.h; sourceTree = "<group>"; };
		B9D75FCC1CADBA8400D7AEB3 /* UserService.h */ = {isa = PBXFileReference; fileEncoding = 4; lastKnownFileType = sourcecode.c.h; path = UserService.h; sourceTree = "<group>"; };
		B9D75FCE1CADBA8400D7AEB3 /* CommLibiOS.a */ = {isa = PBXFileReference; lastKnownFileType = archive.ar; path = CommLibiOS.a; sourceTree = "<group>"; };
		B9D75FD01CADBA8400D7AEB3 /* AMFSerializer.h */ = {isa = PBXFileReference; fileEncoding = 4; lastKnownFileType = sourcecode.c.h; path = AMFSerializer.h; sourceTree = "<group>"; };
		B9D75FD11CADBA8400D7AEB3 /* BinaryCodec.h */ = {isa = PBXFileReference; fileEncoding = 4; lastKnownFileType = sourcecode.c.h; path = BinaryCodec.h; sourceTree = "<group>"; };
		B9D75FD21CADBA8400D7AEB3 /* BinaryStream.h */ = {isa = PBXFileReference; fileEncoding = 4; lastKnownFileType = sourcecode.c.h; path = BinaryStream.h; sourceTree = "<group>"; };
		B9D75FD31CADBA8400D7AEB3 /* DEBUG.h */ = {isa = PBXFileReference; fileEncoding = 4; lastKnownFileType = sourcecode.c.h; path = DEBUG.h; sourceTree = "<group>"; };
		B9D75FD41CADBA8400D7AEB3 /* FlashorbBinaryReader.h */ = {isa = PBXFileReference; fileEncoding = 4; lastKnownFileType = sourcecode.c.h; path = FlashorbBinaryReader.h; sourceTree = "<group>"; };
		B9D75FD51CADBA8400D7AEB3 /* FlashorbBinaryWriter.h */ = {isa = PBXFileReference; fileEncoding = 4; lastKnownFileType = sourcecode.c.h; path = FlashorbBinaryWriter.h; sourceTree = "<group>"; };
		B9D75FD61CADBA8400D7AEB3 /* IAttributeStore.h */ = {isa = PBXFileReference; fileEncoding = 4; lastKnownFileType = sourcecode.c.h; path = IAttributeStore.h; sourceTree = "<group>"; };
		B9D75FD71CADBA8400D7AEB3 /* IClientSharedObject.h */ = {isa = PBXFileReference; fileEncoding = 4; lastKnownFileType = sourcecode.c.h; path = IClientSharedObject.h; sourceTree = "<group>"; };
		B9D75FD81CADBA8400D7AEB3 /* IClientSharedObjectDelegate.h */ = {isa = PBXFileReference; fileEncoding = 4; lastKnownFileType = sourcecode.c.h; path = IClientSharedObjectDelegate.h; sourceTree = "<group>"; };
		B9D75FD91CADBA8400D7AEB3 /* IPendingServiceCallback.h */ = {isa = PBXFileReference; fileEncoding = 4; lastKnownFileType = sourcecode.c.h; path = IPendingServiceCallback.h; sourceTree = "<group>"; };
		B9D75FDA1CADBA8400D7AEB3 /* IPersistable.h */ = {isa = PBXFileReference; fileEncoding = 4; lastKnownFileType = sourcecode.c.h; path = IPersistable.h; sourceTree = "<group>"; };
		B9D75FDB1CADBA8400D7AEB3 /* IRTMProtocol.h */ = {isa = PBXFileReference; fileEncoding = 4; lastKnownFileType = sourcecode.c.h; path = IRTMProtocol.h; sourceTree = "<group>"; };
		B9D75FDC1CADBA8400D7AEB3 /* IServiceCall.h */ = {isa = PBXFileReference; fileEncoding = 4; lastKnownFileType = sourcecode.c.h; path = IServiceCall.h; sourceTree = "<group>"; };
		B9D75FDD1CADBA8400D7AEB3 /* ISharedObjectListener.h */ = {isa = PBXFileReference; fileEncoding = 4; lastKnownFileType = sourcecode.c.h; path = ISharedObjectListener.h; sourceTree = "<group>"; };
		B9D75FDE1CADBA8400D7AEB3 /* MemoryTicker.h */ = {isa = PBXFileReference; fileEncoding = 4; lastKnownFileType = sourcecode.c.h; path = MemoryTicker.h; sourceTree = "<group>"; };
		B9D75FDF1CADBA8400D7AEB3 /* Responder.h */ = {isa = PBXFileReference; fileEncoding = 4; lastKnownFileType = sourcecode.c.h; path = Responder.h; sourceTree = "<group>"; };
		B9D75FE01CADBA8400D7AEB3 /* RTMPClient.h */ = {isa = PBXFileReference; fileEncoding = 4; lastKnownFileType = sourcecode.c.h; path = RTMPClient.h; sourceTree = "<group>"; };
		B9D75FE11CADBA8400D7AEB3 /* Types.h */ = {isa = PBXFileReference; fileEncoding = 4; lastKnownFileType = sourcecode.c.h; path = Types.h; sourceTree = "<group>"; };
		B9D75FE21CADBA8400D7AEB3 /* WeborbClient.h */ = {isa = PBXFileReference; fileEncoding = 4; lastKnownFileType = sourcecode.c.h; path = WeborbClient.h; sourceTree = "<group>"; };
		B9D7603C1CADBA8500D7AEB3 /* BroadcastStreamClient.h */ = {isa = PBXFileReference; fileEncoding = 4; lastKnownFileType = sourcecode.c.h; path = BroadcastStreamClient.h; sourceTree = "<group>"; };
		B9D7603D1CADBA8500D7AEB3 /* MediaStreamPlayer.h */ = {isa = PBXFileReference; fileEncoding = 4; lastKnownFileType = sourcecode.c.h; path = MediaStreamPlayer.h; sourceTree = "<group>"; };
		B9D7603E1CADBA8500D7AEB3 /* MPMediaData.h */ = {isa = PBXFileReference; fileEncoding = 4; lastKnownFileType = sourcecode.c.h; path = MPMediaData.h; sourceTree = "<group>"; };
		B9D7603F1CADBA8500D7AEB3 /* MPMediaDecoder.h */ = {isa = PBXFileReference; fileEncoding = 4; lastKnownFileType = sourcecode.c.h; path = MPMediaDecoder.h; sourceTree = "<group>"; };
		B9D760401CADBA8500D7AEB3 /* MPMediaEncoder.h */ = {isa = PBXFileReference; fileEncoding = 4; lastKnownFileType = sourcecode.c.h; path = MPMediaEncoder.h; sourceTree = "<group>"; };
		B9D760411CADBA8500D7AEB3 /* VideoPlayer.h */ = {isa = PBXFileReference; fileEncoding = 4; lastKnownFileType = sourcecode.c.h; path = VideoPlayer.h; sourceTree = "<group>"; };
		B9D760421CADBA8500D7AEB3 /* MediaLibiOS.a */ = {isa = PBXFileReference; lastKnownFileType = archive.ar; path = MediaLibiOS.a; sourceTree = "<group>"; };
		B9D760451CADBA8500D7AEB3 /* speex.h */ = {isa = PBXFileReference; fileEncoding = 4; lastKnownFileType = sourcecode.c.h; path = speex.h; sourceTree = "<group>"; };
		B9D760461CADBA8500D7AEB3 /* speex_bits.h */ = {isa = PBXFileReference; fileEncoding = 4; lastKnownFileType = sourcecode.c.h; path = speex_bits.h; sourceTree = "<group>"; };
		B9D760471CADBA8500D7AEB3 /* speex_callbacks.h */ = {isa = PBXFileReference; fileEncoding = 4; lastKnownFileType = sourcecode.c.h; path = speex_callbacks.h; sourceTree = "<group>"; };
		B9D760481CADBA8500D7AEB3 /* speex_config_types.h */ = {isa = PBXFileReference; fileEncoding = 4; lastKnownFileType = sourcecode.c.h; path = speex_config_types.h; sourceTree = "<group>"; };
		B9D760491CADBA8500D7AEB3 /* speex_header.h */ = {isa = PBXFileReference; fileEncoding = 4; lastKnownFileType = sourcecode.c.h; path = speex_header.h; sourceTree = "<group>"; };
		B9D7604A1CADBA8500D7AEB3 /* speex_stereo.h */ = {isa = PBXFileReference; fileEncoding = 4; lastKnownFileType = sourcecode.c.h; path = speex_stereo.h; sourceTree = "<group>"; };
		B9D7604B1CADBA8500D7AEB3 /* speex_types.h */ = {isa = PBXFileReference; fileEncoding = 4; lastKnownFileType = sourcecode.c.h; path = speex_types.h; sourceTree = "<group>"; };
		B9D7604D1CADBA8500D7AEB3 /* libspeex.a */ = {isa = PBXFileReference; lastKnownFileType = archive.ar; path = libspeex.a; sourceTree = "<group>"; };
		B9D760501CADBA8500D7AEB3 /* x264.h */ = {isa = PBXFileReference; fileEncoding = 4; lastKnownFileType = sourcecode.c.h; path = x264.h; sourceTree = "<group>"; };
		B9D760511CADBA8500D7AEB3 /* x264_config.h */ = {isa = PBXFileReference; fileEncoding = 4; lastKnownFileType = sourcecode.c.h; path = x264_config.h; sourceTree = "<group>"; };
		B9D760531CADBA8500D7AEB3 /* libx264.a */ = {isa = PBXFileReference; lastKnownFileType = archive.ar; path = libx264.a; sourceTree = "<group>"; };
		B9F4DF731CF1DF6100B017E2 /* MyPlacesEditViewController.swift */ = {isa = PBXFileReference; fileEncoding = 4; lastKnownFileType = sourcecode.swift; path = MyPlacesEditViewController.swift; sourceTree = "<group>"; };
/* End PBXFileReference section */

/* Begin PBXFrameworksBuildPhase section */
		B9D75E911CADB13100D7AEB3 /* Frameworks */ = {
			isa = PBXFrameworksBuildPhase;
			buildActionMask = 2147483647;
			files = (
				B9D7605D1CADBA8500D7AEB3 /* libspeex.a in Frameworks */,
				B9D75EB01CADB99100D7AEB3 /* libz.tbd in Frameworks */,
				B9D75EAE1CADB98B00D7AEB3 /* libsqlite3.tbd in Frameworks */,
				B9D7605E1CADBA8500D7AEB3 /* libx264.a in Frameworks */,
				B9D7605C1CADBA8500D7AEB3 /* MediaLibiOS.a in Frameworks */,
				B9D75EAC1CADB98100D7AEB3 /* SystemConfiguration.framework in Frameworks */,
				B9D760541CADBA8500D7AEB3 /* backendless.a in Frameworks */,
				B9D760551CADBA8500D7AEB3 /* CommLibiOS.a in Frameworks */,
			);
			runOnlyForDeploymentPostprocessing = 0;
		};
/* End PBXFrameworksBuildPhase section */

/* Begin PBXGroup section */
		B9124C001CBC484800647B56 /* Resources */ = {
			isa = PBXGroup;
			children = (
				B9124BFD1CBC484300647B56 /* terms.html */,
			);
			name = Resources;
			sourceTree = "<group>";
		};
		B9603AE11CB834F00060CEB9 /* SWRevealViewController */ = {
			isa = PBXGroup;
			children = (
				B9603AE21CB835240060CEB9 /* SWRevealViewController.h */,
				B9603AE31CB835240060CEB9 /* SWRevealViewController.m */,
			);
			name = SWRevealViewController;
			sourceTree = "<group>";
		};
		B97C51471CB2D1B900D18BBA /* Products */ = {
			isa = PBXGroup;
			children = (
				B97C514B1CB2D1BA00D18BBA /* PecUtils.framework */,
			);
			name = Products;
			sourceTree = "<group>";
		};
		B97C514F1CB2FDCD00D18BBA /* Frameworks */ = {
			isa = PBXGroup;
			children = (
				B9CAE7A81CB1248A00D215E6 /* PecUtils.xcodeproj */,
			);
			name = Frameworks;
			sourceTree = "<group>";
		};
		B9D75E8B1CADB13100D7AEB3 = {
			isa = PBXGroup;
			children = (
				B9D75F881CADBA8400D7AEB3 /* lib */,
				B9D75EAF1CADB99100D7AEB3 /* libz.tbd */,
				B9D75EAD1CADB98B00D7AEB3 /* libsqlite3.tbd */,
				B9D75EAB1CADB98100D7AEB3 /* SystemConfiguration.framework */,
				B9D75E961CADB13100D7AEB3 /* pec-uno */,
				B9D75E951CADB13100D7AEB3 /* Products */,
				B97C514F1CB2FDCD00D18BBA /* Frameworks */,
			);
			sourceTree = "<group>";
		};
		B9D75E951CADB13100D7AEB3 /* Products */ = {
			isa = PBXGroup;
			children = (
				B9D75E941CADB13100D7AEB3 /* pec-uno.app */,
			);
			name = Products;
			sourceTree = "<group>";
		};
		B9D75E961CADB13100D7AEB3 /* pec-uno */ = {
			isa = PBXGroup;
			children = (
				B9124C001CBC484800647B56 /* Resources */,
				B9603AE11CB834F00060CEB9 /* SWRevealViewController */,
				B9D75EA91CADB4C100D7AEB3 /* LoginViewController.swift */,
				B9CD05A41CAEF2BC00C89CAD /* CreateAccountViewController.swift */,
				B97C514C1CB2F08600D18BBA /* ProfileViewController.swift */,
				B9124C031CBC48A500647B56 /* TermsViewController.swift */,
				B9695D611CB8708800C8DCB4 /* MyPlacesViewController.swift */,
				B90DE22B1CDFBE1200DD35D7 /* MyPlacesNewViewController.swift */,
				B9793B661CE8F60600207D05 /* MyPlacesDetailViewController.swift */,
				B9D2B0621CEA085400B336F6 /* MyPlacesPhotosViewController.swift */,
				B9F4DF731CF1DF6100B017E2 /* MyPlacesEditViewController.swift */,
				B9078A191CB8731700537E1D /* MapViewController.swift */,
				B9078A1C1CB8753500537E1D /* InformationViewController.swift */,
				B9695D601CB83C7800C8DCB4 /* Bridging-Header.h */,
				B9D75E9B1CADB13100D7AEB3 /* Main.storyboard */,
				B9D75E971CADB13100D7AEB3 /* AppDelegate.swift */,
				B9D75E9E1CADB13100D7AEB3 /* Assets.xcassets */,
				B9D75EA01CADB13100D7AEB3 /* LaunchScreen.storyboard */,
				B9D75EA31CADB13100D7AEB3 /* Info.plist */,
			);
			path = "pec-uno";
			sourceTree = "<group>";
		};
		B9D75F881CADBA8400D7AEB3 /* lib */ = {
			isa = PBXGroup;
			children = (
				B9D75F891CADBA8400D7AEB3 /* backendless */,
				B9D75FCD1CADBA8400D7AEB3 /* CommLibiOS */,
				B9D7603A1CADBA8500D7AEB3 /* MediaLibiOS3x */,
				B9D760431CADBA8500D7AEB3 /* speex-1.2rc2 */,
				B9D7604E1CADBA8500D7AEB3 /* x264 */,
			);
			path = lib;
			sourceTree = "<group>";
		};
		B9D75F891CADBA8400D7AEB3 /* backendless */ = {
			isa = PBXGroup;
			children = (
				B9D75F8A1CADBA8400D7AEB3 /* backendless.a */,
				B9D75F8B1CADBA8400D7AEB3 /* include */,
			);
			path = backendless;
			sourceTree = "<group>";
		};
		B9D75F8B1CADBA8400D7AEB3 /* include */ = {
			isa = PBXGroup;
			children = (
				B9D75F8C1CADBA8400D7AEB3 /* AbstractProperty.h */,
				B9D75F8D1CADBA8400D7AEB3 /* AbstractQuery.h */,
				B9D75F8E1CADBA8400D7AEB3 /* AtomicCounters.h */,
				B9D75F8F1CADBA8400D7AEB3 /* AtomicCountersFactory.h */,
				B9D75F901CADBA8400D7AEB3 /* Backendless-Bridging-Header.h */,
				B9D75F911CADBA8400D7AEB3 /* Backendless-With-Media-Bridging-Header.h */,
				B9D75F921CADBA8400D7AEB3 /* Backendless.h */,
				B9D75F931CADBA8400D7AEB3 /* BackendlessBeacon.h */,
				B9D75F941CADBA8400D7AEB3 /* BackendlessCachePolicy.h */,
				B9D75F951CADBA8400D7AEB3 /* BackendlessCacheProtocol.h */,
				B9D75F961CADBA8400D7AEB3 /* BackendlessCollection.h */,
				B9D75F971CADBA8400D7AEB3 /* BackendlessDataQuery.h */,
				B9D75F981CADBA8400D7AEB3 /* BackendlessEntity.h */,
				B9D75F991CADBA8400D7AEB3 /* BackendlessFile.h */,
				B9D75F9A1CADBA8400D7AEB3 /* BackendlessGeoQuery.h */,
				B9D75F9B1CADBA8400D7AEB3 /* BackendlessSimpleQuery.h */,
				B9D75F9C1CADBA8400D7AEB3 /* BackendlessUser.h */,
				B9D75F9D1CADBA8400D7AEB3 /* BEAnnotation.h */,
				B9D75F9E1CADBA8400D7AEB3 /* BECollectionView.h */,
				B9D75F9F1CADBA8400D7AEB3 /* BEFileInfo.h */,
				B9D75FA01CADBA8400D7AEB3 /* BEMapView.h */,
				B9D75FA11CADBA8400D7AEB3 /* BESubscription.h */,
				B9D75FA21CADBA8400D7AEB3 /* BETableView.h */,
				B9D75FA31CADBA8400D7AEB3 /* CacheFactory.h */,
				B9D75FA41CADBA8400D7AEB3 /* CacheService.h */,
				B9D75FA51CADBA8400D7AEB3 /* CustomService.h */,
				B9D75FA61CADBA8400D7AEB3 /* DataPermission.h */,
				B9D75FA71CADBA8400D7AEB3 /* DataStoreFactory.h */,
				B9D75FA81CADBA8400D7AEB3 /* DeliveryOptions.h */,
				B9D75FA91CADBA8400D7AEB3 /* DeviceRegistration.h */,
				B9D75FAA1CADBA8400D7AEB3 /* Events.h */,
				B9D75FAB1CADBA8400D7AEB3 /* FilePermission.h */,
				B9D75FAC1CADBA8400D7AEB3 /* FileService.h */,
				B9D75FAD1CADBA8400D7AEB3 /* GeoCategory.h */,
				B9D75FAE1CADBA8400D7AEB3 /* GeoCluster.h */,
				B9D75FAF1CADBA8400D7AEB3 /* GeoFence.h */,
				B9D75FB01CADBA8400D7AEB3 /* GeoPoint.h */,
				B9D75FB11CADBA8400D7AEB3 /* GeoService.h */,
				B9D75FB21CADBA8400D7AEB3 /* HashMap.h */,
				B9D75FB31CADBA8400D7AEB3 /* IAtomicCounters.h */,
				B9D75FB41CADBA8400D7AEB3 /* ICacheService.h */,
				B9D75FB51CADBA8400D7AEB3 /* ICallback.h */,
				B9D75FB61CADBA8400D7AEB3 /* IDataStore.h */,
				B9D75FB71CADBA8400D7AEB3 /* IMediaStreamer.h */,
				B9D75FB81CADBA8400D7AEB3 /* IPresenceListener.h */,
				B9D75FB91CADBA8400D7AEB3 /* LocationTracker.h */,
				B9D75FBA1CADBA8400D7AEB3 /* Logger.h */,
				B9D75FBB1CADBA8400D7AEB3 /* Logging.h */,
				B9D75FBC1CADBA8400D7AEB3 /* MediaPlaybackOptions.h */,
				B9D75FBD1CADBA8400D7AEB3 /* MediaPlayer.h */,
				B9D75FBE1CADBA8400D7AEB3 /* MediaPublisher.h */,
				B9D75FBF1CADBA8400D7AEB3 /* MediaPublishOptions.h */,
				B9D75FC01CADBA8400D7AEB3 /* MediaService.h */,
				B9D75FC11CADBA8400D7AEB3 /* Message.h */,
				B9D75FC21CADBA8400D7AEB3 /* MessageStatus.h */,
				B9D75FC31CADBA8400D7AEB3 /* MessagingService.h */,
				B9D75FC41CADBA8400D7AEB3 /* ObjectProperty.h */,
				B9D75FC51CADBA8400D7AEB3 /* PersistenceService.h */,
				B9D75FC61CADBA8400D7AEB3 /* Presence.h */,
				B9D75FC71CADBA8400D7AEB3 /* ProtectedBackendlessGeoQuery.h */,
				B9D75FC81CADBA8400D7AEB3 /* PublishOptions.h */,
				B9D75FC91CADBA8400D7AEB3 /* QueryOptions.h */,
				B9D75FCA1CADBA8400D7AEB3 /* SubscriptionOptions.h */,
				B9D75FCB1CADBA8400D7AEB3 /* UserProperty.h */,
				B9D75FCC1CADBA8400D7AEB3 /* UserService.h */,
			);
			path = include;
			sourceTree = "<group>";
		};
		B9D75FCD1CADBA8400D7AEB3 /* CommLibiOS */ = {
			isa = PBXGroup;
			children = (
				B9D75FCE1CADBA8400D7AEB3 /* CommLibiOS.a */,
				B9D75FCF1CADBA8400D7AEB3 /* include */,
			);
			path = CommLibiOS;
			sourceTree = "<group>";
		};
		B9D75FCF1CADBA8400D7AEB3 /* include */ = {
			isa = PBXGroup;
			children = (
				B9D75FD01CADBA8400D7AEB3 /* AMFSerializer.h */,
				B9D75FD11CADBA8400D7AEB3 /* BinaryCodec.h */,
				B9D75FD21CADBA8400D7AEB3 /* BinaryStream.h */,
				B9D75FD31CADBA8400D7AEB3 /* DEBUG.h */,
				B9D75FD41CADBA8400D7AEB3 /* FlashorbBinaryReader.h */,
				B9D75FD51CADBA8400D7AEB3 /* FlashorbBinaryWriter.h */,
				B9D75FD61CADBA8400D7AEB3 /* IAttributeStore.h */,
				B9D75FD71CADBA8400D7AEB3 /* IClientSharedObject.h */,
				B9D75FD81CADBA8400D7AEB3 /* IClientSharedObjectDelegate.h */,
				B9D75FD91CADBA8400D7AEB3 /* IPendingServiceCallback.h */,
				B9D75FDA1CADBA8400D7AEB3 /* IPersistable.h */,
				B9D75FDB1CADBA8400D7AEB3 /* IRTMProtocol.h */,
				B9D75FDC1CADBA8400D7AEB3 /* IServiceCall.h */,
				B9D75FDD1CADBA8400D7AEB3 /* ISharedObjectListener.h */,
				B9D75FDE1CADBA8400D7AEB3 /* MemoryTicker.h */,
				B9D75FDF1CADBA8400D7AEB3 /* Responder.h */,
				B9D75FE01CADBA8400D7AEB3 /* RTMPClient.h */,
				B9D75FE11CADBA8400D7AEB3 /* Types.h */,
				B9D75FE21CADBA8400D7AEB3 /* WeborbClient.h */,
			);
			path = include;
			sourceTree = "<group>";
		};
		B9D7603A1CADBA8500D7AEB3 /* MediaLibiOS3x */ = {
			isa = PBXGroup;
			children = (
				B9D7603B1CADBA8500D7AEB3 /* include */,
				B9D760421CADBA8500D7AEB3 /* MediaLibiOS.a */,
			);
			path = MediaLibiOS3x;
			sourceTree = "<group>";
		};
		B9D7603B1CADBA8500D7AEB3 /* include */ = {
			isa = PBXGroup;
			children = (
				B9D7603C1CADBA8500D7AEB3 /* BroadcastStreamClient.h */,
				B9D7603D1CADBA8500D7AEB3 /* MediaStreamPlayer.h */,
				B9D7603E1CADBA8500D7AEB3 /* MPMediaData.h */,
				B9D7603F1CADBA8500D7AEB3 /* MPMediaDecoder.h */,
				B9D760401CADBA8500D7AEB3 /* MPMediaEncoder.h */,
				B9D760411CADBA8500D7AEB3 /* VideoPlayer.h */,
			);
			path = include;
			sourceTree = "<group>";
		};
		B9D760431CADBA8500D7AEB3 /* speex-1.2rc2 */ = {
			isa = PBXGroup;
			children = (
				B9D760441CADBA8500D7AEB3 /* include */,
				B9D7604C1CADBA8500D7AEB3 /* lib */,
			);
			path = "speex-1.2rc2";
			sourceTree = "<group>";
		};
		B9D760441CADBA8500D7AEB3 /* include */ = {
			isa = PBXGroup;
			children = (
				B9D760451CADBA8500D7AEB3 /* speex.h */,
				B9D760461CADBA8500D7AEB3 /* speex_bits.h */,
				B9D760471CADBA8500D7AEB3 /* speex_callbacks.h */,
				B9D760481CADBA8500D7AEB3 /* speex_config_types.h */,
				B9D760491CADBA8500D7AEB3 /* speex_header.h */,
				B9D7604A1CADBA8500D7AEB3 /* speex_stereo.h */,
				B9D7604B1CADBA8500D7AEB3 /* speex_types.h */,
			);
			path = include;
			sourceTree = "<group>";
		};
		B9D7604C1CADBA8500D7AEB3 /* lib */ = {
			isa = PBXGroup;
			children = (
				B9D7604D1CADBA8500D7AEB3 /* libspeex.a */,
			);
			path = lib;
			sourceTree = "<group>";
		};
		B9D7604E1CADBA8500D7AEB3 /* x264 */ = {
			isa = PBXGroup;
			children = (
				B9D7604F1CADBA8500D7AEB3 /* include */,
				B9D760521CADBA8500D7AEB3 /* lib */,
			);
			path = x264;
			sourceTree = "<group>";
		};
		B9D7604F1CADBA8500D7AEB3 /* include */ = {
			isa = PBXGroup;
			children = (
				B9D760501CADBA8500D7AEB3 /* x264.h */,
				B9D760511CADBA8500D7AEB3 /* x264_config.h */,
			);
			path = include;
			sourceTree = "<group>";
		};
		B9D760521CADBA8500D7AEB3 /* lib */ = {
			isa = PBXGroup;
			children = (
				B9D760531CADBA8500D7AEB3 /* libx264.a */,
			);
			path = lib;
			sourceTree = "<group>";
		};
/* End PBXGroup section */

/* Begin PBXNativeTarget section */
		B9D75E931CADB13100D7AEB3 /* pec-uno */ = {
			isa = PBXNativeTarget;
			buildConfigurationList = B9D75EA61CADB13100D7AEB3 /* Build configuration list for PBXNativeTarget "pec-uno" */;
			buildPhases = (
				B9D75E901CADB13100D7AEB3 /* Sources */,
				B9D75E911CADB13100D7AEB3 /* Frameworks */,
				B9D75E921CADB13100D7AEB3 /* Resources */,
			);
			buildRules = (
			);
			dependencies = (
			);
			name = "pec-uno";
			productName = "pec-uno";
			productReference = B9D75E941CADB13100D7AEB3 /* pec-uno.app */;
			productType = "com.apple.product-type.application";
		};
/* End PBXNativeTarget section */

/* Begin PBXProject section */
		B9D75E8C1CADB13100D7AEB3 /* Project object */ = {
			isa = PBXProject;
			attributes = {
				LastSwiftUpdateCheck = 0720;
				LastUpgradeCheck = 0720;
				ORGANIZATIONNAME = uoc;
				TargetAttributes = {
					B9D75E931CADB13100D7AEB3 = {
						CreatedOnToolsVersion = 7.2.1;
					};
				};
			};
			buildConfigurationList = B9D75E8F1CADB13100D7AEB3 /* Build configuration list for PBXProject "pec-uno" */;
			compatibilityVersion = "Xcode 3.2";
			developmentRegion = English;
			hasScannedForEncodings = 0;
			knownRegions = (
				en,
				Base,
			);
			mainGroup = B9D75E8B1CADB13100D7AEB3;
			productRefGroup = B9D75E951CADB13100D7AEB3 /* Products */;
			projectDirPath = "";
			projectReferences = (
				{
					ProductGroup = B97C51471CB2D1B900D18BBA /* Products */;
					ProjectRef = B9CAE7A81CB1248A00D215E6 /* PecUtils.xcodeproj */;
				},
			);
			projectRoot = "";
			targets = (
				B9D75E931CADB13100D7AEB3 /* pec-uno */,
			);
		};
/* End PBXProject section */

/* Begin PBXReferenceProxy section */
		B97C514B1CB2D1BA00D18BBA /* PecUtils.framework */ = {
			isa = PBXReferenceProxy;
			fileType = wrapper.framework;
			path = PecUtils.framework;
			remoteRef = B97C514A1CB2D1BA00D18BBA /* PBXContainerItemProxy */;
			sourceTree = BUILT_PRODUCTS_DIR;
		};
/* End PBXReferenceProxy section */

/* Begin PBXResourcesBuildPhase section */
		B9D75E921CADB13100D7AEB3 /* Resources */ = {
			isa = PBXResourcesBuildPhase;
			buildActionMask = 2147483647;
			files = (
				B9124BFE1CBC484300647B56 /* terms.html in Resources */,
				B9D75EA21CADB13100D7AEB3 /* LaunchScreen.storyboard in Resources */,
				B9D75E9F1CADB13100D7AEB3 /* Assets.xcassets in Resources */,
				B9D75E9D1CADB13100D7AEB3 /* Main.storyboard in Resources */,
			);
			runOnlyForDeploymentPostprocessing = 0;
		};
/* End PBXResourcesBuildPhase section */

/* Begin PBXSourcesBuildPhase section */
		B9D75E901CADB13100D7AEB3 /* Sources */ = {
			isa = PBXSourcesBuildPhase;
			buildActionMask = 2147483647;
			files = (
				B9F4DF741CF1DF6100B017E2 /* MyPlacesEditViewController.swift in Sources */,
				B9CD05A51CAEF2BC00C89CAD /* CreateAccountViewController.swift in Sources */,
				B9D75EAA1CADB4C100D7AEB3 /* LoginViewController.swift in Sources */,
				B9695D621CB8708800C8DCB4 /* MyPlacesViewController.swift in Sources */,
				B9D2B0631CEA085400B336F6 /* MyPlacesPhotosViewController.swift in Sources */,
				B9603AE41CB835240060CEB9 /* SWRevealViewController.m in Sources */,
				B9124C041CBC48A500647B56 /* TermsViewController.swift in Sources */,
				B90DE22C1CDFBE1200DD35D7 /* MyPlacesNewViewController.swift in Sources */,
				B97C514D1CB2F08600D18BBA /* ProfileViewController.swift in Sources */,
				B9D75E981CADB13100D7AEB3 /* AppDelegate.swift in Sources */,
				B9793B671CE8F60600207D05 /* MyPlacesDetailViewController.swift in Sources */,
				B9078A1A1CB8731700537E1D /* MapViewController.swift in Sources */,
				B9078A1D1CB8753500537E1D /* InformationViewController.swift in Sources */,
			);
			runOnlyForDeploymentPostprocessing = 0;
		};
/* End PBXSourcesBuildPhase section */

/* Begin PBXVariantGroup section */
		B9D75E9B1CADB13100D7AEB3 /* Main.storyboard */ = {
			isa = PBXVariantGroup;
			children = (
				B9D75E9C1CADB13100D7AEB3 /* Base */,
			);
			name = Main.storyboard;
			sourceTree = "<group>";
		};
		B9D75EA01CADB13100D7AEB3 /* LaunchScreen.storyboard */ = {
			isa = PBXVariantGroup;
			children = (
				B9D75EA11CADB13100D7AEB3 /* Base */,
			);
			name = LaunchScreen.storyboard;
			sourceTree = "<group>";
		};
/* End PBXVariantGroup section */

/* Begin XCBuildConfiguration section */
		B9D75EA41CADB13100D7AEB3 /* Debug */ = {
			isa = XCBuildConfiguration;
			buildSettings = {
				ALWAYS_SEARCH_USER_PATHS = NO;
				CLANG_CXX_LANGUAGE_STANDARD = "gnu++0x";
				CLANG_CXX_LIBRARY = "libc++";
				CLANG_ENABLE_MODULES = YES;
				CLANG_ENABLE_OBJC_ARC = YES;
				CLANG_WARN_BOOL_CONVERSION = YES;
				CLANG_WARN_CONSTANT_CONVERSION = YES;
				CLANG_WARN_DIRECT_OBJC_ISA_USAGE = YES_ERROR;
				CLANG_WARN_EMPTY_BODY = YES;
				CLANG_WARN_ENUM_CONVERSION = YES;
				CLANG_WARN_INT_CONVERSION = YES;
				CLANG_WARN_OBJC_ROOT_CLASS = YES_ERROR;
				CLANG_WARN_UNREACHABLE_CODE = YES;
				CLANG_WARN__DUPLICATE_METHOD_MATCH = YES;
				"CODE_SIGN_IDENTITY[sdk=iphoneos*]" = "iPhone Developer";
				COPY_PHASE_STRIP = NO;
				DEBUG_INFORMATION_FORMAT = dwarf;
				ENABLE_STRICT_OBJC_MSGSEND = YES;
				ENABLE_TESTABILITY = YES;
				GCC_C_LANGUAGE_STANDARD = gnu99;
				GCC_DYNAMIC_NO_PIC = NO;
				GCC_NO_COMMON_BLOCKS = YES;
				GCC_OPTIMIZATION_LEVEL = 0;
				GCC_PREPROCESSOR_DEFINITIONS = (
					"DEBUG=1",
					"$(inherited)",
				);
				GCC_WARN_64_TO_32_BIT_CONVERSION = YES;
				GCC_WARN_ABOUT_RETURN_TYPE = YES_ERROR;
				GCC_WARN_UNDECLARED_SELECTOR = YES;
				GCC_WARN_UNINITIALIZED_AUTOS = YES_AGGRESSIVE;
				GCC_WARN_UNUSED_FUNCTION = YES;
				GCC_WARN_UNUSED_VARIABLE = YES;
				IPHONEOS_DEPLOYMENT_TARGET = 9.2;
				MTL_ENABLE_DEBUG_INFO = YES;
				ONLY_ACTIVE_ARCH = YES;
				SDKROOT = iphoneos;
				SWIFT_OPTIMIZATION_LEVEL = "-Onone";
				TARGETED_DEVICE_FAMILY = "1,2";
			};
			name = Debug;
		};
		B9D75EA51CADB13100D7AEB3 /* Release */ = {
			isa = XCBuildConfiguration;
			buildSettings = {
				ALWAYS_SEARCH_USER_PATHS = NO;
				CLANG_CXX_LANGUAGE_STANDARD = "gnu++0x";
				CLANG_CXX_LIBRARY = "libc++";
				CLANG_ENABLE_MODULES = YES;
				CLANG_ENABLE_OBJC_ARC = YES;
				CLANG_WARN_BOOL_CONVERSION = YES;
				CLANG_WARN_CONSTANT_CONVERSION = YES;
				CLANG_WARN_DIRECT_OBJC_ISA_USAGE = YES_ERROR;
				CLANG_WARN_EMPTY_BODY = YES;
				CLANG_WARN_ENUM_CONVERSION = YES;
				CLANG_WARN_INT_CONVERSION = YES;
				CLANG_WARN_OBJC_ROOT_CLASS = YES_ERROR;
				CLANG_WARN_UNREACHABLE_CODE = YES;
				CLANG_WARN__DUPLICATE_METHOD_MATCH = YES;
				"CODE_SIGN_IDENTITY[sdk=iphoneos*]" = "iPhone Developer";
				COPY_PHASE_STRIP = NO;
				DEBUG_INFORMATION_FORMAT = "dwarf-with-dsym";
				ENABLE_NS_ASSERTIONS = NO;
				ENABLE_STRICT_OBJC_MSGSEND = YES;
				GCC_C_LANGUAGE_STANDARD = gnu99;
				GCC_NO_COMMON_BLOCKS = YES;
				GCC_WARN_64_TO_32_BIT_CONVERSION = YES;
				GCC_WARN_ABOUT_RETURN_TYPE = YES_ERROR;
				GCC_WARN_UNDECLARED_SELECTOR = YES;
				GCC_WARN_UNINITIALIZED_AUTOS = YES_AGGRESSIVE;
				GCC_WARN_UNUSED_FUNCTION = YES;
				GCC_WARN_UNUSED_VARIABLE = YES;
				IPHONEOS_DEPLOYMENT_TARGET = 9.2;
				MTL_ENABLE_DEBUG_INFO = NO;
				SDKROOT = iphoneos;
				TARGETED_DEVICE_FAMILY = "1,2";
				VALIDATE_PRODUCT = YES;
			};
			name = Release;
		};
		B9D75EA71CADB13100D7AEB3 /* Debug */ = {
			isa = XCBuildConfiguration;
			buildSettings = {
				ASSETCATALOG_COMPILER_APPICON_NAME = AppIcon;
				INFOPLIST_FILE = "pec-uno/Info.plist";
				LD_RUNPATH_SEARCH_PATHS = "$(inherited) @executable_path/Frameworks";
				LIBRARY_SEARCH_PATHS = (
					"$(inherited)",
					"./lib/**",
				);
				PRODUCT_BUNDLE_IDENTIFIER = "uoc.edu.pec-uno";
				PRODUCT_NAME = "$(TARGET_NAME)";
				SWIFT_OBJC_BRIDGING_HEADER = "./$(PROJECT_NAME)/Bridging-Header.h";
				TARGETED_DEVICE_FAMILY = 1;
			};
			name = Debug;
		};
		B9D75EA81CADB13100D7AEB3 /* Release */ = {
			isa = XCBuildConfiguration;
			buildSettings = {
				ASSETCATALOG_COMPILER_APPICON_NAME = AppIcon;
				INFOPLIST_FILE = "pec-uno/Info.plist";
				LD_RUNPATH_SEARCH_PATHS = "$(inherited) @executable_path/Frameworks";
				LIBRARY_SEARCH_PATHS = (
					"$(inherited)",
					"./lib/**",
				);
				PRODUCT_BUNDLE_IDENTIFIER = "uoc.edu.pec-uno";
				PRODUCT_NAME = "$(TARGET_NAME)";
				SWIFT_OBJC_BRIDGING_HEADER = "./$(PROJECT_NAME)/Bridging-Header.h";
				TARGETED_DEVICE_FAMILY = 1;
			};
			name = Release;
		};
/* End XCBuildConfiguration section */

/* Begin XCConfigurationList section */
		B9D75E8F1CADB13100D7AEB3 /* Build configuration list for PBXProject "pec-uno" */ = {
			isa = XCConfigurationList;
			buildConfigurations = (
				B9D75EA41CADB13100D7AEB3 /* Debug */,
				B9D75EA51CADB13100D7AEB3 /* Release */,
			);
			defaultConfigurationIsVisible = 0;
			defaultConfigurationName = Release;
		};
		B9D75EA61CADB13100D7AEB3 /* Build configuration list for PBXNativeTarget "pec-uno" */ = {
			isa = XCConfigurationList;
			buildConfigurations = (
				B9D75EA71CADB13100D7AEB3 /* Debug */,
				B9D75EA81CADB13100D7AEB3 /* Release */,
			);
			defaultConfigurationIsVisible = 0;
			defaultConfigurationName = Release;
		};
/* End XCConfigurationList section */
	};
	rootObject = B9D75E8C1CADB13100D7AEB3 /* Project object */;
}
